# THIS IS AN AUTOGENERATED FILE. DO NOT EDIT THIS FILE DIRECTLY.
# yarn lockfile v1


eventemitter3@^3.0.0:
  version "3.1.2"
  resolved "https://registry.yarnpkg.com/eventemitter3/-/eventemitter3-3.1.2.tgz#2d3d48f9c346698fce83a85d7d664e98535df6e7"
  integrity sha512-tvtQIeLVHjDkJYnzf2dgVMxfuSGJeM/7UCG17TT4EumTfNtF+0nebF/4zWOIkCreAbtNqhGEboB6BWrwqNaw4Q==

follow-redirects@^1.0.0:
  version "1.14.8"
  resolved "https://registry.yarnpkg.com/follow-redirects/-/follow-redirects-1.14.8.tgz#016996fb9a11a100566398b1c6839337d7bfa8fc"
  integrity sha512-1x0S9UVJHsQprFcEC/qnNzBLcIxsjAV905f/UkQxbclCsoTWlacCNOpQa/anodLl2uaEKFhfWOvM2Qg77+15zA==

http-proxy@^1.17.0:
  version "1.17.0"
  resolved "https://registry.yarnpkg.com/http-proxy/-/http-proxy-1.17.0.tgz#7ad38494658f84605e2f6db4436df410f4e5be9a"
  integrity sha512-Taqn+3nNvYRfJ3bGvKfBSRwy1v6eePlm3oc/aWVxZp57DQr5Eq3xhKJi7Z4hZpS8PC3H4qI+Yly5EmFacGuA/g==
  dependencies:
    eventemitter3 "^3.0.0"
    follow-redirects "^1.0.0"
    requires-port "^1.0.0"

ip@^1.1.5:
  version "1.1.5"
  resolved "https://registry.yarnpkg.com/ip/-/ip-1.1.5.tgz#bdded70114290828c0a039e72ef25f5aaec4354a"
  integrity sha1-vd7XARQpCCjAoDnnLvJfWq7ENUo=

is-wsl@^1.1.0:
  version "1.1.0"
  resolved "https://registry.yarnpkg.com/is-wsl/-/is-wsl-1.1.0.tgz#1f16e4aa22b04d1336b66188a66af3c600c3a66d"
  integrity sha1-HxbkqiKwTRM2tmGIpmrzxgDDpm0=

opn@^6.0.0:
  version "6.0.0"
  resolved "https://registry.yarnpkg.com/opn/-/opn-6.0.0.tgz#3c5b0db676d5f97da1233d1ed42d182bc5a27d2d"
  integrity sha512-I9PKfIZC+e4RXZ/qr1RhgyCnGgYX0UEIlXgWnCOVACIvFgaC9rz6Won7xbdhoHrd8IIhV7YEpHjreNUNkqCGkQ==
  dependencies:
    is-wsl "^1.1.0"

requires-port@^1.0.0:
  version "1.0.0"
  resolved "https://registry.yarnpkg.com/requires-port/-/requires-port-1.0.0.tgz#925d2601d39ac485e091cf0da5c6e694dc3dcaff"
  integrity sha1-kl0mAdOaxIXgkc8NpcbmlNw9yv8=
